
Microsoft Visual Studio Solution File, Format Version 12.00
# Visual Studio Version 17
VisualStudioVersion = 17.11.35219.272
MinimumVisualStudioVersion = 10.0.40219.1
Project("{888888A0-9F3D-457C-B088-3A5042F75D52}") = "AsyncTechnicalScreeningPython", "AsyncTechnicalScreeningPython\AsyncTechnicalScreeningPython.pyproj", "{7909DEEF-4805-4EDF-B1FC-50C0D7B383AB}"
EndProject
Project("{54A90642-561A-4BB1-A94E-469ADEE60C69}") = "AsyncBaseball", "AsyncBaseball\AsyncBaseball.esproj", "{F4386F65-9903-4835-B9D9-082240D867A9}"
EndProject
Project("{FAE04EC0-301F-11D3-BF4B-00C04F79EFBC}") = "AsynUtility", "AsynUtility\AsynUtility.csproj", "{D6220C61-2C96-491B-A009-57E6EF064A9C}"
EndProject
Project("{2150E333-8FDC-42A3-9474-1A3956D46DE8}") = "Solution-Files", "Solution-Files", "{40D23FF4-29BC-4810-ACEE-74223A7CD7C5}"
	ProjectSection(SolutionItems) = preProject
		Solution-Files\1.Create-Baseball-DB.sql = Solution-Files\1.Create-Baseball-DB.sql
		Solution-Files\2.Create-Players-Table.sql = Solution-Files\2.Create-Players-Table.sql
		Solution-Files\3.Bulk-Load-Player-Data.sql = Solution-Files\3.Bulk-Load-Player-Data.sql
		Solution-Files\4.CRUD-Statements.sql = Solution-Files\4.CRUD-Statements.sql
	EndProjectSection
EndProject
Global
	GlobalSection(SolutionConfigurationPlatforms) = preSolution
		Debug|Any CPU = Debug|Any CPU
		Release|Any CPU = Release|Any CPU
	EndGlobalSection
	GlobalSection(ProjectConfigurationPlatforms) = postSolution
		{7909DEEF-4805-4EDF-B1FC-50C0D7B383AB}.Debug|Any CPU.ActiveCfg = Debug|Any CPU
		{7909DEEF-4805-4EDF-B1FC-50C0D7B383AB}.Debug|Any CPU.Build.0 = Debug|Any CPU
		{7909DEEF-4805-4EDF-B1FC-50C0D7B383AB}.Release|Any CPU.ActiveCfg = Release|Any CPU
		{7909DEEF-4805-4EDF-B1FC-50C0D7B383AB}.Release|Any CPU.Build.0 = Release|Any CPU
		{F4386F65-9903-4835-B9D9-082240D867A9}.Debug|Any CPU.ActiveCfg = Debug|Any CPU
		{F4386F65-9903-4835-B9D9-082240D867A9}.Debug|Any CPU.Build.0 = Debug|Any CPU
		{F4386F65-9903-4835-B9D9-082240D867A9}.Debug|Any CPU.Deploy.0 = Debug|Any CPU
		{F4386F65-9903-4835-B9D9-082240D867A9}.Release|Any CPU.ActiveCfg = Release|Any CPU
		{F4386F65-9903-4835-B9D9-082240D867A9}.Release|Any CPU.Build.0 = Release|Any CPU
		{F4386F65-9903-4835-B9D9-082240D867A9}.Release|Any CPU.Deploy.0 = Release|Any CPU
		{D6220C61-2C96-491B-A009-57E6EF064A9C}.Debug|Any CPU.ActiveCfg = Debug|Any CPU
		{D6220C61-2C96-491B-A009-57E6EF064A9C}.Debug|Any CPU.Build.0 = Debug|Any CPU
		{D6220C61-2C96-491B-A009-57E6EF064A9C}.Release|Any CPU.ActiveCfg = Release|Any CPU
		{D6220C61-2C96-491B-A009-57E6EF064A9C}.Release|Any CPU.Build.0 = Release|Any CPU
	EndGlobalSection
	GlobalSection(SolutionProperties) = preSolution
		HideSolutionNode = FALSE
	EndGlobalSection
	GlobalSection(ExtensibilityGlobals) = postSolution
		SolutionGuid = {8C212FCA-060F-4BFF-B864-DC244B4E1D41}
	EndGlobalSection
EndGlobal
